
Microsoft Visual Studio Solution File, Format Version 12.00
# Visual Studio 15
VisualStudioVersion = 15.0.28307.489
MinimumVisualStudioVersion = 10.0.40219.1
Project("{FAE04EC0-301F-11D3-BF4B-00C04F79EFBC}") = "DataAccessLayer", "DataAccessLayer\DataAccessLayer.csproj", "{E18B0913-2527-4BFA-8AD5-DD36AEA97CA9}"
EndProject
Project("{FAE04EC0-301F-11D3-BF4B-00C04F79EFBC}") = "DataAccessLayerTests", "DataAccessLayerTests\DataAccessLayerTests.csproj", "{91B1CF63-2FC9-441B-82AD-8224607778DC}"
EndProject
Project("{2150E333-8FDC-42A3-9474-1A3956D46DE8}") = "SolutionItems", "SolutionItems", "{91937772-5A45-404F-8CDF-E88AA99CCD19}"
	ProjectSection(SolutionItems) = preProject
		Migrations.txt = Migrations.txt
	EndProjectSection
EndProject
Global
	GlobalSection(SolutionConfigurationPlatforms) = preSolution
		Debug|Any CPU = Debug|Any CPU
		Release|Any CPU = Release|Any CPU
	EndGlobalSection
	GlobalSection(ProjectConfigurationPlatforms) = postSolution
		{E18B0913-2527-4BFA-8AD5-DD36AEA97CA9}.Debug|Any CPU.ActiveCfg = Debug|Any CPU
		{E18B0913-2527-4BFA-8AD5-DD36AEA97CA9}.Debug|Any CPU.Build.0 = Debug|Any CPU
		{E18B0913-2527-4BFA-8AD5-DD36AEA97CA9}.Release|Any CPU.ActiveCfg = Release|Any CPU
		{E18B0913-2527-4BFA-8AD5-DD36AEA97CA9}.Release|Any CPU.Build.0 = Release|Any CPU
		{91B1CF63-2FC9-441B-82AD-8224607778DC}.Debug|Any CPU.ActiveCfg = Debug|Any CPU
		{91B1CF63-2FC9-441B-82AD-8224607778DC}.Debug|Any CPU.Build.0 = Debug|Any CPU
		{91B1CF63-2FC9-441B-82AD-8224607778DC}.Release|Any CPU.ActiveCfg = Release|Any CPU
		{91B1CF63-2FC9-441B-82AD-8224607778DC}.Release|Any CPU.Build.0 = Release|Any CPU
	EndGlobalSection
	GlobalSection(SolutionProperties) = preSolution
		HideSolutionNode = FALSE
	EndGlobalSection
	GlobalSection(ExtensibilityGlobals) = postSolution
		SolutionGuid = {99DDC925-457D-4E95-8CAB-BD44B980AD85}
	EndGlobalSection
EndGlobal
